{
  "name": "cavendish",
  "version": "1.0.0",
  "lockfileVersion": 3,
  "requires": true,
  "packages": {
    "": {
      "name": "cavendish",
      "version": "1.0.0",
      "license": "ISC",
      "dependencies": {
        "citty": "^0.2.1"
      }
    },
    "node_modules/citty": {
      "version": "0.2.1",
      "resolved": "https://registry.npmjs.org/citty/-/citty-0.2.1.tgz",
      "integrity": "sha512-kEV95lFBhQgtogAPlQfJJ0WGVSokvLr/UEoFPiKKOXF7pl98HfUVUD0ejsuTCld/9xH9vogSywZ5KqHzXrZpqg==",
      "license": "MIT"
    }
  }
}
